
Microsoft Visual Studio Solution File, Format Version 12.00
# Visual Studio Version 17
VisualStudioVersion = 17.5.33414.496
MinimumVisualStudioVersion = 10.0.40219.1
Project("{FAE04EC0-301F-11D3-BF4B-00C04F79EFBC}") = "Assignment3", "Assignment3.csproj", "{10704E6A-056B-4D84-AB2C-00CBBD5A900B}"
EndProject
Global
	GlobalSection(SolutionConfigurationPlatforms) = preSolution
		Debug|Any CPU = Debug|Any CPU
		Release|Any CPU = Release|Any CPU
	EndGlobalSection
	GlobalSection(ProjectConfigurationPlatforms) = postSolution
		{10704E6A-056B-4D84-AB2C-00CBBD5A900B}.Debug|Any CPU.ActiveCfg = Debug|Any CPU
		{10704E6A-056B-4D84-AB2C-00CBBD5A900B}.Debug|Any CPU.Build.0 = Debug|Any CPU
		{10704E6A-056B-4D84-AB2C-00CBBD5A900B}.Release|Any CPU.ActiveCfg = Release|Any CPU
		{10704E6A-056B-4D84-AB2C-00CBBD5A900B}.Release|Any CPU.Build.0 = Release|Any CPU
	EndGlobalSection
	GlobalSection(SolutionProperties) = preSolution
		HideSolutionNode = FALSE
	EndGlobalSection
	GlobalSection(ExtensibilityGlobals) = postSolution
		SolutionGuid = {5F6ED5C3-14EF-4B84-829D-1069CB77C97C}
	EndGlobalSection
EndGlobal
